
Microsoft Visual Studio Solution File, Format Version 12.00
# Visual Studio Version 17
VisualStudioVersion = 17.0.31919.166
MinimumVisualStudioVersion = 10.0.40219.1
Project("{FAE04EC0-301F-11D3-BF4B-00C04F79EFBC}") = "AirAstana.Web", "AirAstana.Web\AirAstana.Web.csproj", "{69ADA9D7-C977-4450-B184-A7DA60A2C349}"
EndProject
Global
	GlobalSection(SolutionConfigurationPlatforms) = preSolution
		Debug|Any CPU = Debug|Any CPU
		Release|Any CPU = Release|Any CPU
	EndGlobalSection
	GlobalSection(ProjectConfigurationPlatforms) = postSolution
		{69ADA9D7-C977-4450-B184-A7DA60A2C349}.Debug|Any CPU.ActiveCfg = Debug|Any CPU
		{69ADA9D7-C977-4450-B184-A7DA60A2C349}.Debug|Any CPU.Build.0 = Debug|Any CPU
		{69ADA9D7-C977-4450-B184-A7DA60A2C349}.Release|Any CPU.ActiveCfg = Release|Any CPU
		{69ADA9D7-C977-4450-B184-A7DA60A2C349}.Release|Any CPU.Build.0 = Release|Any CPU
	EndGlobalSection
	GlobalSection(SolutionProperties) = preSolution
		HideSolutionNode = FALSE
	EndGlobalSection
	GlobalSection(ExtensibilityGlobals) = postSolution
		SolutionGuid = {FF69AEFC-83C6-48BC-80FF-FDC1BA1494CF}
	EndGlobalSection
EndGlobal
